
Microsoft Visual Studio Solution File, Format Version 12.00
# Visual Studio Version 17
VisualStudioVersion = 17.9.34728.123
MinimumVisualStudioVersion = 10.0.40219.1
Project("{8BC9CEB8-8B4A-11D0-8D11-00A0C91BC942}") = "Ex02_ConvertingObjectsToBasicTypesAndViceVersa", "Ex02_ConvertingObjectsToBasicTypesAndViceVersa\Ex02_ConvertingObjectsToBasicTypesAndViceVersa.vcxproj", "{A76A51C3-6E1D-4971-AA6D-07447E224DA7}"
EndProject
Project("{8BC9CEB8-8B4A-11D0-8D11-00A0C91BC942}") = "Ex01_OverloadingBinaryOperators", "Ex01_OverloadingBinaryOperators\Ex01_OverloadingBinaryOperators.vcxproj", "{5FEB9729-0542-4D78-8A65-E29EB46AB4F7}"
EndProject
Project("{8BC9CEB8-8B4A-11D0-8D11-00A0C91BC942}") = "Ex03_OverloadingOperatorsDifferentTypesOperands", "Ex03_OverloadingOperatorsDifferentTypesOperands\Ex03_OverloadingOperatorsDifferentTypesOperands.vcxproj", "{79B7D388-C20C-402A-B66A-EF8B7603457F}"
EndProject
Project("{8BC9CEB8-8B4A-11D0-8D11-00A0C91BC942}") = "Ex04_OverloadingIndexingOperator", "Ex04_OverloadingIndexingOperator\Ex04_OverloadingIndexingOperator.vcxproj", "{65B56FCF-ADBE-4E2E-B3E2-D3FEB160512C}"
EndProject
Project("{8BC9CEB8-8B4A-11D0-8D11-00A0C91BC942}") = "Exam_Task01_OverloadingOperatorsTimeClass", "Exam_Task01_OverloadingOperatorsTimeClass\Exam_Task01_OverloadingOperatorsTimeClass.vcxproj", "{61BE2B22-EEE6-4237-B54C-0D82BB6B33B5}"
EndProject
Project("{8BC9CEB8-8B4A-11D0-8D11-00A0C91BC942}") = "Exam_Task02_ImplementationSortingPointsInVector", "Exam_Task02_ImplementationSortingPointsInVector\Exam_Task02_ImplementationSortingPointsInVector.vcxproj", "{484E8F75-7797-4558-9C65-5677AD26B57B}"
EndProject
Global
	GlobalSection(SolutionConfigurationPlatforms) = preSolution
		Debug|x64 = Debug|x64
		Debug|x86 = Debug|x86
		Release|x64 = Release|x64
		Release|x86 = Release|x86
	EndGlobalSection
	GlobalSection(ProjectConfigurationPlatforms) = postSolution
		{A76A51C3-6E1D-4971-AA6D-07447E224DA7}.Debug|x64.ActiveCfg = Debug|x64
		{A76A51C3-6E1D-4971-AA6D-07447E224DA7}.Debug|x64.Build.0 = Debug|x64
		{A76A51C3-6E1D-4971-AA6D-07447E224DA7}.Debug|x86.ActiveCfg = Debug|Win32
		{A76A51C3-6E1D-4971-AA6D-07447E224DA7}.Debug|x86.Build.0 = Debug|Win32
		{A76A51C3-6E1D-4971-AA6D-07447E224DA7}.Release|x64.ActiveCfg = Release|x64
		{A76A51C3-6E1D-4971-AA6D-07447E224DA7}.Release|x64.Build.0 = Release|x64
		{A76A51C3-6E1D-4971-AA6D-07447E224DA7}.Release|x86.ActiveCfg = Release|Win32
		{A76A51C3-6E1D-4971-AA6D-07447E224DA7}.Release|x86.Build.0 = Release|Win32
		{5FEB9729-0542-4D78-8A65-E29EB46AB4F7}.Debug|x64.ActiveCfg = Debug|x64
		{5FEB9729-0542-4D78-8A65-E29EB46AB4F7}.Debug|x64.Build.0 = Debug|x64
		{5FEB9729-0542-4D78-8A65-E29EB46AB4F7}.Debug|x86.ActiveCfg = Debug|Win32
		{5FEB9729-0542-4D78-8A65-E29EB46AB4F7}.Debug|x86.Build.0 = Debug|Win32
		{5FEB9729-0542-4D78-8A65-E29EB46AB4F7}.Release|x64.ActiveCfg = Release|x64
		{5FEB9729-0542-4D78-8A65-E29EB46AB4F7}.Release|x64.Build.0 = Release|x64
		{5FEB9729-0542-4D78-8A65-E29EB46AB4F7}.Release|x86.ActiveCfg = Release|Win32
		{5FEB9729-0542-4D78-8A65-E29EB46AB4F7}.Release|x86.Build.0 = Release|Win32
		{79B7D388-C20C-402A-B66A-EF8B7603457F}.Debug|x64.ActiveCfg = Debug|x64
		{79B7D388-C20C-402A-B66A-EF8B7603457F}.Debug|x64.Build.0 = Debug|x64
		{79B7D388-C20C-402A-B66A-EF8B7603457F}.Debug|x86.ActiveCfg = Debug|Win32
		{79B7D388-C20C-402A-B66A-EF8B7603457F}.Debug|x86.Build.0 = Debug|Win32
		{79B7D388-C20C-402A-B66A-EF8B7603457F}.Release|x64.ActiveCfg = Release|x64
		{79B7D388-C20C-402A-B66A-EF8B7603457F}.Release|x64.Build.0 = Release|x64
		{79B7D388-C20C-402A-B66A-EF8B7603457F}.Release|x86.ActiveCfg = Release|Win32
		{79B7D388-C20C-402A-B66A-EF8B7603457F}.Release|x86.Build.0 = Release|Win32
		{65B56FCF-ADBE-4E2E-B3E2-D3FEB160512C}.Debug|x64.ActiveCfg = Debug|x64
		{65B56FCF-ADBE-4E2E-B3E2-D3FEB160512C}.Debug|x64.Build.0 = Debug|x64
		{65B56FCF-ADBE-4E2E-B3E2-D3FEB160512C}.Debug|x86.ActiveCfg = Debug|Win32
		{65B56FCF-ADBE-4E2E-B3E2-D3FEB160512C}.Debug|x86.Build.0 = Debug|Win32
		{65B56FCF-ADBE-4E2E-B3E2-D3FEB160512C}.Release|x64.ActiveCfg = Release|x64
		{65B56FCF-ADBE-4E2E-B3E2-D3FEB160512C}.Release|x64.Build.0 = Release|x64
		{65B56FCF-ADBE-4E2E-B3E2-D3FEB160512C}.Release|x86.ActiveCfg = Release|Win32
		{65B56FCF-ADBE-4E2E-B3E2-D3FEB160512C}.Release|x86.Build.0 = Release|Win32
		{61BE2B22-EEE6-4237-B54C-0D82BB6B33B5}.Debug|x64.ActiveCfg = Debug|x64
		{61BE2B22-EEE6-4237-B54C-0D82BB6B33B5}.Debug|x64.Build.0 = Debug|x64
		{61BE2B22-EEE6-4237-B54C-0D82BB6B33B5}.Debug|x86.ActiveCfg = Debug|Win32
		{61BE2B22-EEE6-4237-B54C-0D82BB6B33B5}.Debug|x86.Build.0 = Debug|Win32
		{61BE2B22-EEE6-4237-B54C-0D82BB6B33B5}.Release|x64.ActiveCfg = Release|x64
		{61BE2B22-EEE6-4237-B54C-0D82BB6B33B5}.Release|x64.Build.0 = Release|x64
		{61BE2B22-EEE6-4237-B54C-0D82BB6B33B5}.Release|x86.ActiveCfg = Release|Win32
		{61BE2B22-EEE6-4237-B54C-0D82BB6B33B5}.Release|x86.Build.0 = Release|Win32
		{484E8F75-7797-4558-9C65-5677AD26B57B}.Debug|x64.ActiveCfg = Debug|x64
		{484E8F75-7797-4558-9C65-5677AD26B57B}.Debug|x64.Build.0 = Debug|x64
		{484E8F75-7797-4558-9C65-5677AD26B57B}.Debug|x86.ActiveCfg = Debug|Win32
		{484E8F75-7797-4558-9C65-5677AD26B57B}.Debug|x86.Build.0 = Debug|Win32
		{484E8F75-7797-4558-9C65-5677AD26B57B}.Release|x64.ActiveCfg = Release|x64
		{484E8F75-7797-4558-9C65-5677AD26B57B}.Release|x64.Build.0 = Release|x64
		{484E8F75-7797-4558-9C65-5677AD26B57B}.Release|x86.ActiveCfg = Release|Win32
		{484E8F75-7797-4558-9C65-5677AD26B57B}.Release|x86.Build.0 = Release|Win32
	EndGlobalSection
	GlobalSection(SolutionProperties) = preSolution
		HideSolutionNode = FALSE
	EndGlobalSection
	GlobalSection(ExtensibilityGlobals) = postSolution
		SolutionGuid = {9A746881-3A2D-4E21-8449-2B56C719AEAC}
	EndGlobalSection
EndGlobal
